
Microsoft Visual Studio Solution File, Format Version 12.00
# Visual Studio Version 17
VisualStudioVersion = 17.0.32112.339
MinimumVisualStudioVersion = 10.0.40219.1
Project("{FAE04EC0-301F-11D3-BF4B-00C04F79EFBC}") = "NerdleSolver", "NerdleSolver.csproj", "{8DEFC3EF-1F53-414B-B812-11C8CB59BECA}"
EndProject
Project("{FAE04EC0-301F-11D3-BF4B-00C04F79EFBC}") = "NerdleCalculator", "..\NerdleCalculator\NerdleCalculator.csproj", "{2C8D6F70-226B-4A8C-B7AD-2503D5268114}"
EndProject
Global
	GlobalSection(SolutionConfigurationPlatforms) = preSolution
		Debug|Any CPU = Debug|Any CPU
		Release|Any CPU = Release|Any CPU
	EndGlobalSection
	GlobalSection(ProjectConfigurationPlatforms) = postSolution
		{8DEFC3EF-1F53-414B-B812-11C8CB59BECA}.Debug|Any CPU.ActiveCfg = Debug|Any CPU
		{8DEFC3EF-1F53-414B-B812-11C8CB59BECA}.Debug|Any CPU.Build.0 = Debug|Any CPU
		{8DEFC3EF-1F53-414B-B812-11C8CB59BECA}.Release|Any CPU.ActiveCfg = Release|Any CPU
		{8DEFC3EF-1F53-414B-B812-11C8CB59BECA}.Release|Any CPU.Build.0 = Release|Any CPU
		{2C8D6F70-226B-4A8C-B7AD-2503D5268114}.Debug|Any CPU.ActiveCfg = Debug|Any CPU
		{2C8D6F70-226B-4A8C-B7AD-2503D5268114}.Debug|Any CPU.Build.0 = Debug|Any CPU
		{2C8D6F70-226B-4A8C-B7AD-2503D5268114}.Release|Any CPU.ActiveCfg = Release|Any CPU
		{2C8D6F70-226B-4A8C-B7AD-2503D5268114}.Release|Any CPU.Build.0 = Release|Any CPU
	EndGlobalSection
	GlobalSection(SolutionProperties) = preSolution
		HideSolutionNode = FALSE
	EndGlobalSection
	GlobalSection(ExtensibilityGlobals) = postSolution
		SolutionGuid = {F0392712-33B1-483F-A749-2AC0FD4D2D56}
	EndGlobalSection
EndGlobal
